// !$*UTF8*$!
{
	archiveVersion = 1;
	classes = {
	};
	objectVersion = 56;
	objects = {

/* Begin PBXBuildFile section */
		577E976E292E9598001DB2FA /* ShapesAndCurvesApp.swift in Sources */ = {isa = PBXBuildFile; fileRef = 577E976D292E9598001DB2FA /* ShapesAndCurvesApp.swift */; };
		577E9770292E9598001DB2FA /* ContentView.swift in Sources */ = {isa = PBXBuildFile; fileRef = 577E976F292E9598001DB2FA /* ContentView.swift */; };
		577E9772292E959A001DB2FA /* Assets.xcassets in Resources */ = {isa = PBXBuildFile; fileRef = 577E9771292E959A001DB2FA /* Assets.xcassets */; };
		577E9775292E959A001DB2FA /* Preview Assets.xcassets in Resources */ = {isa = PBXBuildFile; fileRef = 577E9774292E959A001DB2FA /* Preview Assets.xcassets */; };
		577E977F292E959A001DB2FA /* ShapesAndCurvesTests.swift in Sources */ = {isa = PBXBuildFile; fileRef = 577E977E292E959A001DB2FA /* ShapesAndCurvesTests.swift */; };
		577E9789292E959A001DB2FA /* ShapesAndCurvesUITests.swift in Sources */ = {isa = PBXBuildFile; fileRef = 577E9788292E959A001DB2FA /* ShapesAndCurvesUITests.swift */; };
		577E978B292E959A001DB2FA /* ShapesAndCurvesUITestsLaunchTests.swift in Sources */ = {isa = PBXBuildFile; fileRef = 577E978A292E959A001DB2FA /* ShapesAndCurvesUITestsLaunchTests.swift */; };
		577E9798292E95D0001DB2FA /* Triangle.swift in Sources */ = {isa = PBXBuildFile; fileRef = 577E9797292E95D0001DB2FA /* Triangle.swift */; };
/* End PBXBuildFile section */

/* Begin PBXContainerItemProxy section */
		577E977B292E959A001DB2FA /* PBXContainerItemProxy */ = {
			isa = PBXContainerItemProxy;
			containerPortal = 577E9762292E9598001DB2FA /* Project object */;
			proxyType = 1;
			remoteGlobalIDString = 577E9769292E9598001DB2FA;
			remoteInfo = ShapesAndCurves;
		};
		577E9785292E959A001DB2FA /* PBXContainerItemProxy */ = {
			isa = PBXContainerItemProxy;
			containerPortal = 577E9762292E9598001DB2FA /* Project object */;
			proxyType = 1;
			remoteGlobalIDString = 577E9769292E9598001DB2FA;
			remoteInfo = ShapesAndCurves;
		};
/* End PBXContainerItemProxy section */

/* Begin PBXFileReference section */
		577E976A292E9598001DB2FA /* ShapesAndCurves.app */ = {isa = PBXFileReference; explicitFileType = wrapper.application; includeInIndex = 0; path = ShapesAndCurves.app; sourceTree = BUILT_PRODUCTS_DIR; };
		577E976D292E9598001DB2FA /* ShapesAndCurvesApp.swift */ = {isa = PBXFileReference; lastKnownFileType = sourcecode.swift; path = ShapesAndCurvesApp.swift; sourceTree = "<group>"; };
		577E976F292E9598001DB2FA /* ContentView.swift */ = {isa = PBXFileReference; lastKnownFileType = sourcecode.swift; path = ContentView.swift; sourceTree = "<group>"; };
		577E9771292E959A001DB2FA /* Assets.xcassets */ = {isa = PBXFileReference; lastKnownFileType = folder.assetcatalog; path = Assets.xcassets; sourceTree = "<group>"; };
		577E9774292E959A001DB2FA /* Preview Assets.xcassets */ = {isa = PBXFileReference; lastKnownFileType = folder.assetcatalog; path = "Preview Assets.xcassets"; sourceTree = "<group>"; };
		577E977A292E959A001DB2FA /* ShapesAndCurvesTests.xctest */ = {isa = PBXFileReference; explicitFileType = wrapper.cfbundle; includeInIndex = 0; path = ShapesAndCurvesTests.xctest; sourceTree = BUILT_PRODUCTS_DIR; };
		577E977E292E959A001DB2FA /* ShapesAndCurvesTests.swift */ = {isa = PBXFileReference; lastKnownFileType = sourcecode.swift; path = ShapesAndCurvesTests.swift; sourceTree = "<group>"; };
		577E9784292E959A001DB2FA /* ShapesAndCurvesUITests.xctest */ = {isa = PBXFileReference; explicitFileType = wrapper.cfbundle; includeInIndex = 0; path = ShapesAndCurvesUITests.xctest; sourceTree = BUILT_PRODUCTS_DIR; };
		577E9788292E959A001DB2FA /* ShapesAndCurvesUITests.swift */ = {isa = PBXFileReference; lastKnownFileType = sourcecode.swift; path = ShapesAndCurvesUITests.swift; sourceTree = "<group>"; };
		577E978A292E959A001DB2FA /* ShapesAndCurvesUITestsLaunchTests.swift */ = {isa = PBXFileReference; lastKnownFileType = sourcecode.swift; path = ShapesAndCurvesUITestsLaunchTests.swift; sourceTree = "<group>"; };
		577E9797292E95D0001DB2FA /* Triangle.swift */ = {isa = PBXFileReference; lastKnownFileType = sourcecode.swift; path = Triangle.swift; sourceTree = "<group>"; };
/* End PBXFileReference section */

/* Begin PBXFrameworksBuildPhase section */
		577E9767292E9598001DB2FA /* Frameworks */ = {
			isa = PBXFrameworksBuildPhase;
			buildActionMask = 2147483647;
			files = (
			);
			runOnlyForDeploymentPostprocessing = 0;
		};
		577E9777292E959A001DB2FA /* Frameworks */ = {
			isa = PBXFrameworksBuildPhase;
			buildActionMask = 2147483647;
			files = (
			);
			runOnlyForDeploymentPostprocessing = 0;
		};
		577E9781292E959A001DB2FA /* Frameworks */ = {
			isa = PBXFrameworksBuildPhase;
			buildActionMask = 2147483647;
			files = (
			);
			runOnlyForDeploymentPostprocessing = 0;
		};
/* End PBXFrameworksBuildPhase section */

/* Begin PBXGroup section */
		577E9761292E9598001DB2FA = {
			isa = PBXGroup;
			children = (
				577E976C292E9598001DB2FA /* ShapesAndCurves */,
				577E977D292E959A001DB2FA /* ShapesAndCurvesTests */,
				577E9787292E959A001DB2FA /* ShapesAndCurvesUITests */,
				577E976B292E9598001DB2FA /* Products */,
			);
			sourceTree = "<group>";
		};
		577E976B292E9598001DB2FA /* Products */ = {
			isa = PBXGroup;
			children = (
				577E976A292E9598001DB2FA /* ShapesAndCurves.app */,
				577E977A292E959A001DB2FA /* ShapesAndCurvesTests.xctest */,
				577E9784292E959A001DB2FA /* ShapesAndCurvesUITests.xctest */,
			);
			name = Products;
			sourceTree = "<group>";
		};
		577E976C292E9598001DB2FA /* ShapesAndCurves */ = {
			isa = PBXGroup;
			children = (
				577E976D292E9598001DB2FA /* ShapesAndCurvesApp.swift */,
				577E976F292E9598001DB2FA /* ContentView.swift */,
				577E9797292E95D0001DB2FA /* Triangle.swift */,
				577E9771292E959A001DB2FA /* Assets.xcassets */,
				577E9773292E959A001DB2FA /* Preview Content */,
			);
			path = ShapesAndCurves;
			sourceTree = "<group>";
		};
		577E9773292E959A001DB2FA /* Preview Content */ = {
			isa = PBXGroup;
			children = (
				577E9774292E959A001DB2FA /* Preview Assets.xcassets */,
			);
			path = "Preview Content";
			sourceTree = "<group>";
		};
		577E977D292E959A001DB2FA /* ShapesAndCurvesTests */ = {
			isa = PBXGroup;
			children = (
				577E977E292E959A001DB2FA /* ShapesAndCurvesTests.swift */,
			);
			path = ShapesAndCurvesTests;
			sourceTree = "<group>";
		};
		577E9787292E959A001DB2FA /* ShapesAndCurvesUITests */ = {
			isa = PBXGroup;
			children = (
				577E9788292E959A001DB2FA /* ShapesAndCurvesUITests.swift */,
				577E978A292E959A001DB2FA /* ShapesAndCurvesUITestsLaunchTests.swift */,
			);
			path = ShapesAndCurvesUITests;
			sourceTree = "<group>";
		};
/* End PBXGroup section */

/* Begin PBXNativeTarget section */
		577E9769292E9598001DB2FA /* ShapesAndCurves */ = {
			isa = PBXNativeTarget;
			buildConfigurationList = 577E978E292E959A001DB2FA /* Build configuration list for PBXNativeTarget "ShapesAndCurves" */;
			buildPhases = (
				577E9766292E9598001DB2FA /* Sources */,
				577E9767292E9598001DB2FA /* Frameworks */,
				577E9768292E9598001DB2FA /* Resources */,
			);
			buildRules = (
			);
			dependencies = (
			);
			name = ShapesAndCurves;
			productName = ShapesAndCurves;
			productReference = 577E976A292E9598001DB2FA /* ShapesAndCurves.app */;
			productType = "com.apple.product-type.application";
		};
		577E9779292E959A001DB2FA /* ShapesAndCurvesTests */ = {
			isa = PBXNativeTarget;
			buildConfigurationList = 577E9791292E959A001DB2FA /* Build configuration list for PBXNativeTarget "ShapesAndCurvesTests" */;
			buildPhases = (
				577E9776292E959A001DB2FA /* Sources */,
				577E9777292E959A001DB2FA /* Frameworks */,
				577E9778292E959A001DB2FA /* Resources */,
			);
			buildRules = (
			);
			dependencies = (
				577E977C292E959A001DB2FA /* PBXTargetDependency */,
			);
			name = ShapesAndCurvesTests;
			productName = ShapesAndCurvesTests;
			productReference = 577E977A292E959A001DB2FA /* ShapesAndCurvesTests.xctest */;
			productType = "com.apple.product-type.bundle.unit-test";
		};
		577E9783292E959A001DB2FA /* ShapesAndCurvesUITests */ = {
			isa = PBXNativeTarget;
			buildConfigurationList = 577E9794292E959A001DB2FA /* Build configuration list for PBXNativeTarget "ShapesAndCurvesUITests" */;
			buildPhases = (
				577E9780292E959A001DB2FA /* Sources */,
				577E9781292E959A001DB2FA /* Frameworks */,
				577E9782292E959A001DB2FA /* Resources */,
			);
			buildRules = (
			);
			dependencies = (
				577E9786292E959A001DB2FA /* PBXTargetDependency */,
			);
			name = ShapesAndCurvesUITests;
			productName = ShapesAndCurvesUITests;
			productReference = 577E9784292E959A001DB2FA /* ShapesAndCurvesUITests.xctest */;
			productType = "com.apple.product-type.bundle.ui-testing";
		};
/* End PBXNativeTarget section */

/* Begin PBXProject section */
		577E9762292E9598001DB2FA /* Project object */ = {
			isa = PBXProject;
			attributes = {
				BuildIndependentTargetsInParallel = 1;
				LastSwiftUpdateCheck = 1400;
				LastUpgradeCheck = 1400;
				TargetAttributes = {
					577E9769292E9598001DB2FA = {
						CreatedOnToolsVersion = 14.0.1;
					};
					577E9779292E959A001DB2FA = {
						CreatedOnToolsVersion = 14.0.1;
						TestTargetID = 577E9769292E9598001DB2FA;
					};
					577E9783292E959A001DB2FA = {
						CreatedOnToolsVersion = 14.0.1;
						TestTargetID = 577E9769292E9598001DB2FA;
					};
				};
			};
			buildConfigurationList = 577E9765292E9598001DB2FA /* Build configuration list for PBXProject "ShapesAndCurves" */;
			compatibilityVersion = "Xcode 14.0";
			developmentRegion = en;
			hasScannedForEncodings = 0;
			knownRegions = (
				en,
				Base,
			);
			mainGroup = 577E9761292E9598001DB2FA;
			productRefGroup = 577E976B292E9598001DB2FA /* Products */;
			projectDirPath = "";
			projectRoot = "";
			targets = (
				577E9769292E9598001DB2FA /* ShapesAndCurves */,
				577E9779292E959A001DB2FA /* ShapesAndCurvesTests */,
				577E9783292E959A001DB2FA /* ShapesAndCurvesUITests */,
			);
		};
/* End PBXProject section */

/* Begin PBXResourcesBuildPhase section */
		577E9768292E9598001DB2FA /* Resources */ = {
			isa = PBXResourcesBuildPhase;
			buildActionMask = 2147483647;
			files = (
				577E9775292E959A001DB2FA /* Preview Assets.xcassets in Resources */,
				577E9772292E959A001DB2FA /* Assets.xcassets in Resources */,
			);
			runOnlyForDeploymentPostprocessing = 0;
		};
		577E9778292E959A001DB2FA /* Resources */ = {
			isa = PBXResourcesBuildPhase;
			buildActionMask = 2147483647;
			files = (
			);
			runOnlyForDeploymentPostprocessing = 0;
		};
		577E9782292E959A001DB2FA /* Resources */ = {
			isa = PBXResourcesBuildPhase;
			buildActionMask = 2147483647;
			files = (
			);
			runOnlyForDeploymentPostprocessing = 0;
		};
/* End PBXResourcesBuildPhase section */

/* Begin PBXSourcesBuildPhase section */
		577E9766292E9598001DB2FA /* Sources */ = {
			isa = PBXSourcesBuildPhase;
			buildActionMask = 2147483647;
			files = (
				577E9798292E95D0001DB2FA /* Triangle.swift in Sources */,
				577E9770292E9598001DB2FA /* ContentView.swift in Sources */,
				577E976E292E9598001DB2FA /* ShapesAndCurvesApp.swift in Sources */,
			);
			runOnlyForDeploymentPostprocessing = 0;
		};
		577E9776292E959A001DB2FA /* Sources */ = {
			isa = PBXSourcesBuildPhase;
			buildActionMask = 2147483647;
			files = (
				577E977F292E959A001DB2FA /* ShapesAndCurvesTests.swift in Sources */,
			);
			runOnlyForDeploymentPostprocessing = 0;
		};
		577E9780292E959A001DB2FA /* Sources */ = {
			isa = PBXSourcesBuildPhase;
			buildActionMask = 2147483647;
			files = (
				577E978B292E959A001DB2FA /* ShapesAndCurvesUITestsLaunchTests.swift in Sources */,
				577E9789292E959A001DB2FA /* ShapesAndCurvesUITests.swift in Sources */,
			);
			runOnlyForDeploymentPostprocessing = 0;
		};
/* End PBXSourcesBuildPhase section */

/* Begin PBXTargetDependency section */
		577E977C292E959A001DB2FA /* PBXTargetDependency */ = {
			isa = PBXTargetDependency;
			target = 577E9769292E9598001DB2FA /* ShapesAndCurves */;
			targetProxy = 577E977B292E959A001DB2FA /* PBXContainerItemProxy */;
		};
		577E9786292E959A001DB2FA /* PBXTargetDependency */ = {
			isa = PBXTargetDependency;
			target = 577E9769292E9598001DB2FA /* ShapesAndCurves */;
			targetProxy = 577E9785292E959A001DB2FA /* PBXContainerItemProxy */;
		};
/* End PBXTargetDependency section */

/* Begin XCBuildConfiguration section */
		577E978C292E959A001DB2FA /* Debug */ = {
			isa = XCBuildConfiguration;
			buildSettings = {
				ALWAYS_SEARCH_USER_PATHS = NO;
				CLANG_ANALYZER_NONNULL = YES;
				CLANG_ANALYZER_NUMBER_OBJECT_CONVERSION = YES_AGGRESSIVE;
				CLANG_CXX_LANGUAGE_STANDARD = "gnu++20";
				CLANG_ENABLE_MODULES = YES;
				CLANG_ENABLE_OBJC_ARC = YES;
				CLANG_ENABLE_OBJC_WEAK = YES;
				CLANG_WARN_BLOCK_CAPTURE_AUTORELEASING = YES;
				CLANG_WARN_BOOL_CONVERSION = YES;
				CLANG_WARN_COMMA = YES;
				CLANG_WARN_CONSTANT_CONVERSION = YES;
				CLANG_WARN_DEPRECATED_OBJC_IMPLEMENTATIONS = YES;
				CLANG_WARN_DIRECT_OBJC_ISA_USAGE = YES_ERROR;
				CLANG_WARN_DOCUMENTATION_COMMENTS = YES;
				CLANG_WARN_EMPTY_BODY = YES;
				CLANG_WARN_ENUM_CONVERSION = YES;
				CLANG_WARN_INFINITE_RECURSION = YES;
				CLANG_WARN_INT_CONVERSION = YES;
				CLANG_WARN_NON_LITERAL_NULL_CONVERSION = YES;
				CLANG_WARN_OBJC_IMPLICIT_RETAIN_SELF = YES;
				CLANG_WARN_OBJC_LITERAL_CONVERSION = YES;
				CLANG_WARN_OBJC_ROOT_CLASS = YES_ERROR;
				CLANG_WARN_QUOTED_INCLUDE_IN_FRAMEWORK_HEADER = YES;
				CLANG_WARN_RANGE_LOOP_ANALYSIS = YES;
				CLANG_WARN_STRICT_PROTOTYPES = YES;
				CLANG_WARN_SUSPICIOUS_MOVE = YES;
				CLANG_WARN_UNGUARDED_AVAILABILITY = YES_AGGRESSIVE;
				CLANG_WARN_UNREACHABLE_CODE = YES;
				CLANG_WARN__DUPLICATE_METHOD_MATCH = YES;
				COPY_PHASE_STRIP = NO;
				DEBUG_INFORMATION_FORMAT = dwarf;
				ENABLE_STRICT_OBJC_MSGSEND = YES;
				ENABLE_TESTABILITY = YES;
				GCC_C_LANGUAGE_STANDARD = gnu11;
				GCC_DYNAMIC_NO_PIC = NO;
				GCC_NO_COMMON_BLOCKS = YES;
				GCC_OPTIMIZATION_LEVEL = 0;
				GCC_PREPROCESSOR_DEFINITIONS = (
					"DEBUG=1",
					"$(inherited)",
				);
				GCC_WARN_64_TO_32_BIT_CONVERSION = YES;
				GCC_WARN_ABOUT_RETURN_TYPE = YES_ERROR;
				GCC_WARN_UNDECLARED_SELECTOR = YES;
				GCC_WARN_UNINITIALIZED_AUTOS = YES_AGGRESSIVE;
				GCC_WARN_UNUSED_FUNCTION = YES;
				GCC_WARN_UNUSED_VARIABLE = YES;
				IPHONEOS_DEPLOYMENT_TARGET = 16.0;
				MTL_ENABLE_DEBUG_INFO = INCLUDE_SOURCE;
				MTL_FAST_MATH = YES;
				ONLY_ACTIVE_ARCH = YES;
				SDKROOT = iphoneos;
				SWIFT_ACTIVE_COMPILATION_CONDITIONS = DEBUG;
				SWIFT_OPTIMIZATION_LEVEL = "-Onone";
			};
			name = Debug;
		};
		577E978D292E959A001DB2FA /* Release */ = {
			isa = XCBuildConfiguration;
			buildSettings = {
				ALWAYS_SEARCH_USER_PATHS = NO;
				CLANG_ANALYZER_NONNULL = YES;
				CLANG_ANALYZER_NUMBER_OBJECT_CONVERSION = YES_AGGRESSIVE;
				CLANG_CXX_LANGUAGE_STANDARD = "gnu++20";
				CLANG_ENABLE_MODULES = YES;
				CLANG_ENABLE_OBJC_ARC = YES;
				CLANG_ENABLE_OBJC_WEAK = YES;
				CLANG_WARN_BLOCK_CAPTURE_AUTORELEASING = YES;
				CLANG_WARN_BOOL_CONVERSION = YES;
				CLANG_WARN_COMMA = YES;
				CLANG_WARN_CONSTANT_CONVERSION = YES;
				CLANG_WARN_DEPRECATED_OBJC_IMPLEMENTATIONS = YES;
				CLANG_WARN_DIRECT_OBJC_ISA_USAGE = YES_ERROR;
				CLANG_WARN_DOCUMENTATION_COMMENTS = YES;
				CLANG_WARN_EMPTY_BODY = YES;
				CLANG_WARN_ENUM_CONVERSION = YES;
				CLANG_WARN_INFINITE_RECURSION = YES;
				CLANG_WARN_INT_CONVERSION = YES;
				CLANG_WARN_NON_LITERAL_NULL_CONVERSION = YES;
				CLANG_WARN_OBJC_IMPLICIT_RETAIN_SELF = YES;
				CLANG_WARN_OBJC_LITERAL_CONVERSION = YES;
				CLANG_WARN_OBJC_ROOT_CLASS = YES_ERROR;
				CLANG_WARN_QUOTED_INCLUDE_IN_FRAMEWORK_HEADER = YES;
				CLANG_WARN_RANGE_LOOP_ANALYSIS = YES;
				CLANG_WARN_STRICT_PROTOTYPES = YES;
				CLANG_WARN_SUSPICIOUS_MOVE = YES;
				CLANG_WARN_UNGUARDED_AVAILABILITY = YES_AGGRESSIVE;
				CLANG_WARN_UNREACHABLE_CODE = YES;
				CLANG_WARN__DUPLICATE_METHOD_MATCH = YES;
				COPY_PHASE_STRIP = NO;
				DEBUG_INFORMATION_FORMAT = "dwarf-with-dsym";
				ENABLE_NS_ASSERTIONS = NO;
				ENABLE_STRICT_OBJC_MSGSEND = YES;
				GCC_C_LANGUAGE_STANDARD = gnu11;
				GCC_NO_COMMON_BLOCKS = YES;
				GCC_WARN_64_TO_32_BIT_CONVERSION = YES;
				GCC_WARN_ABOUT_RETURN_TYPE = YES_ERROR;
				GCC_WARN_UNDECLARED_SELECTOR = YES;
				GCC_WARN_UNINITIALIZED_AUTOS = YES_AGGRESSIVE;
				GCC_WARN_UNUSED_FUNCTION = YES;
				GCC_WARN_UNUSED_VARIABLE = YES;
				IPHONEOS_DEPLOYMENT_TARGET = 16.0;
				MTL_ENABLE_DEBUG_INFO = NO;
				MTL_FAST_MATH = YES;
				SDKROOT = iphoneos;
				SWIFT_COMPILATION_MODE = wholemodule;
				SWIFT_OPTIMIZATION_LEVEL = "-O";
				VALIDATE_PRODUCT = YES;
			};
			name = Release;
		};
		577E978F292E959A001DB2FA /* Debug */ = {
			isa = XCBuildConfiguration;
			buildSettings = {
				ASSETCATALOG_COMPILER_APPICON_NAME = AppIcon;
				ASSETCATALOG_COMPILER_GLOBAL_ACCENT_COLOR_NAME = AccentColor;
				CODE_SIGN_STYLE = Automatic;
				CURRENT_PROJECT_VERSION = 1;
				DEVELOPMENT_ASSET_PATHS = "\"ShapesAndCurves/Preview Content\"";
				ENABLE_PREVIEWS = YES;
				GENERATE_INFOPLIST_FILE = YES;
				INFOPLIST_KEY_UIApplicationSceneManifest_Generation = YES;
				INFOPLIST_KEY_UIApplicationSupportsIndirectInputEvents = YES;
				INFOPLIST_KEY_UILaunchScreen_Generation = YES;
				INFOPLIST_KEY_UISupportedInterfaceOrientations_iPad = "UIInterfaceOrientationPortrait UIInterfaceOrientationPortraitUpsideDown UIInterfaceOrientationLandscapeLeft UIInterfaceOrientationLandscapeRight";
				INFOPLIST_KEY_UISupportedInterfaceOrientations_iPhone = "UIInterfaceOrientationPortrait UIInterfaceOrientationLandscapeLeft UIInterfaceOrientationLandscapeRight";
				LD_RUNPATH_SEARCH_PATHS = (
					"$(inherited)",
					"@executable_path/Frameworks",
				);
				MARKETING_VERSION = 1.0;
				PRODUCT_BUNDLE_IDENTIFIER = com.dan.ShapesAndCurves;
				PRODUCT_NAME = "$(TARGET_NAME)";
				SWIFT_EMIT_LOC_STRINGS = YES;
				SWIFT_VERSION = 5.0;
				TARGETED_DEVICE_FAMILY = "1,2";
			};
			name = Debug;
		};
		577E9790292E959A001DB2FA /* Release */ = {
			isa = XCBuildConfiguration;
			buildSettings = {
				ASSETCATALOG_COMPILER_APPICON_NAME = AppIcon;
				ASSETCATALOG_COMPILER_GLOBAL_ACCENT_COLOR_NAME = AccentColor;
				CODE_SIGN_STYLE = Automatic;
				CURRENT_PROJECT_VERSION = 1;
				DEVELOPMENT_ASSET_PATHS = "\"ShapesAndCurves/Preview Content\"";
				ENABLE_PREVIEWS = YES;
				GENERATE_INFOPLIST_FILE = YES;
				INFOPLIST_KEY_UIApplicationSceneManifest_Generation = YES;
				INFOPLIST_KEY_UIApplicationSupportsIndirectInputEvents = YES;
				INFOPLIST_KEY_UILaunchScreen_Generation = YES;
				INFOPLIST_KEY_UISupportedInterfaceOrientations_iPad = "UIInterfaceOrientationPortrait UIInterfaceOrientationPortraitUpsideDown UIInterfaceOrientationLandscapeLeft UIInterfaceOrientationLandscapeRight";
				INFOPLIST_KEY_UISupportedInterfaceOrientations_iPhone = "UIInterfaceOrientationPortrait UIInterfaceOrientationLandscapeLeft UIInterfaceOrientationLandscapeRight";
				LD_RUNPATH_SEARCH_PATHS = (
					"$(inherited)",
					"@executable_path/Frameworks",
				);
				MARKETING_VERSION = 1.0;
				PRODUCT_BUNDLE_IDENTIFIER = com.dan.ShapesAndCurves;
				PRODUCT_NAME = "$(TARGET_NAME)";
				SWIFT_EMIT_LOC_STRINGS = YES;
				SWIFT_VERSION = 5.0;
				TARGETED_DEVICE_FAMILY = "1,2";
			};
			name = Release;
		};
		577E9792292E959A001DB2FA /* Debug */ = {
			isa = XCBuildConfiguration;
			buildSettings = {
				ALWAYS_EMBED_SWIFT_STANDARD_LIBRARIES = YES;
				BUNDLE_LOADER = "$(TEST_HOST)";
				CODE_SIGN_STYLE = Automatic;
				CURRENT_PROJECT_VERSION = 1;
				GENERATE_INFOPLIST_FILE = YES;
				IPHONEOS_DEPLOYMENT_TARGET = 16.0;
				MARKETING_VERSION = 1.0;
				PRODUCT_BUNDLE_IDENTIFIER = com.dan.ShapesAndCurvesTests;
				PRODUCT_NAME = "$(TARGET_NAME)";
				SWIFT_EMIT_LOC_STRINGS = NO;
				SWIFT_VERSION = 5.0;
				TARGETED_DEVICE_FAMILY = "1,2";
				TEST_HOST = "$(BUILT_PRODUCTS_DIR)/ShapesAndCurves.app/$(BUNDLE_EXECUTABLE_FOLDER_PATH)/ShapesAndCurves";
			};
			name = Debug;
		};
		577E9793292E959A001DB2FA /* Release */ = {
			isa = XCBuildConfiguration;
			buildSettings = {
				ALWAYS_EMBED_SWIFT_STANDARD_LIBRARIES = YES;
				BUNDLE_LOADER = "$(TEST_HOST)";
				CODE_SIGN_STYLE = Automatic;
				CURRENT_PROJECT_VERSION = 1;
				GENERATE_INFOPLIST_FILE = YES;
				IPHONEOS_DEPLOYMENT_TARGET = 16.0;
				MARKETING_VERSION = 1.0;
				PRODUCT_BUNDLE_IDENTIFIER = com.dan.ShapesAndCurvesTests;
				PRODUCT_NAME = "$(TARGET_NAME)";
				SWIFT_EMIT_LOC_STRINGS = NO;
				SWIFT_VERSION = 5.0;
				TARGETED_DEVICE_FAMILY = "1,2";
				TEST_HOST = "$(BUILT_PRODUCTS_DIR)/ShapesAndCurves.app/$(BUNDLE_EXECUTABLE_FOLDER_PATH)/ShapesAndCurves";
			};
			name = Release;
		};
		577E9795292E959A001DB2FA /* Debug */ = {
			isa = XCBuildConfiguration;
			buildSettings = {
				ALWAYS_EMBED_SWIFT_STANDARD_LIBRARIES = YES;
				CODE_SIGN_STYLE = Automatic;
				CURRENT_PROJECT_VERSION = 1;
				GENERATE_INFOPLIST_FILE = YES;
				MARKETING_VERSION = 1.0;
				PRODUCT_BUNDLE_IDENTIFIER = com.dan.ShapesAndCurvesUITests;
				PRODUCT_NAME = "$(TARGET_NAME)";
				SWIFT_EMIT_LOC_STRINGS = NO;
				SWIFT_VERSION = 5.0;
				TARGETED_DEVICE_FAMILY = "1,2";
				TEST_TARGET_NAME = ShapesAndCurves;
			};
			name = Debug;
		};
		577E9796292E959A001DB2FA /* Release */ = {
			isa = XCBuildConfiguration;
			buildSettings = {
				ALWAYS_EMBED_SWIFT_STANDARD_LIBRARIES = YES;
				CODE_SIGN_STYLE = Automatic;
				CURRENT_PROJECT_VERSION = 1;
				GENERATE_INFOPLIST_FILE = YES;
				MARKETING_VERSION = 1.0;
				PRODUCT_BUNDLE_IDENTIFIER = com.dan.ShapesAndCurvesUITests;
				PRODUCT_NAME = "$(TARGET_NAME)";
				SWIFT_EMIT_LOC_STRINGS = NO;
				SWIFT_VERSION = 5.0;
				TARGETED_DEVICE_FAMILY = "1,2";
				TEST_TARGET_NAME = ShapesAndCurves;
			};
			name = Release;
		};
/* End XCBuildConfiguration section */

/* Begin XCConfigurationList section */
		577E9765292E9598001DB2FA /* Build configuration list for PBXProject "ShapesAndCurves" */ = {
			isa = XCConfigurationList;
			buildConfigurations = (
				577E978C292E959A001DB2FA /* Debug */,
				577E978D292E959A001DB2FA /* Release */,
			);
			defaultConfigurationIsVisible = 0;
			defaultConfigurationName = Release;
		};
		577E978E292E959A001DB2FA /* Build configuration list for PBXNativeTarget "ShapesAndCurves" */ = {
			isa = XCConfigurationList;
			buildConfigurations = (
				577E978F292E959A001DB2FA /* Debug */,
				577E9790292E959A001DB2FA /* Release */,
			);
			defaultConfigurationIsVisible = 0;
			defaultConfigurationName = Release;
		};
		577E9791292E959A001DB2FA /* Build configuration list for PBXNativeTarget "ShapesAndCurvesTests" */ = {
			isa = XCConfigurationList;
			buildConfigurations = (
				577E9792292E959A001DB2FA /* Debug */,
				577E9793292E959A001DB2FA /* Release */,
			);
			defaultConfigurationIsVisible = 0;
			defaultConfigurationName = Release;
		};
		577E9794292E959A001DB2FA /* Build configuration list for PBXNativeTarget "ShapesAndCurvesUITests" */ = {
			isa = XCConfigurationList;
			buildConfigurations = (
				577E9795292E959A001DB2FA /* Debug */,
				577E9796292E959A001DB2FA /* Release */,
			);
			defaultConfigurationIsVisible = 0;
			defaultConfigurationName = Release;
		};
/* End XCConfigurationList section */
	};
	rootObject = 577E9762292E9598001DB2FA /* Project object */;
}
